{
  "requires": true,
  "lockfileVersion": 1,
  "dependencies": {
    "gitbook-plugin-theme-lou": {
      "version": "1.0.2",
      "resolved": "https://registry.npmjs.org/gitbook-plugin-theme-lou/-/gitbook-plugin-theme-lou-1.0.2.tgz",
      "integrity": "sha512-1zNUKrDZq3ZeeyimCRhD+s3XwZo34/8+b5Obui6gCjOlHdzeYpoH/Ye0t7BnZ3FMUMMBOii03qQ/075ZASxBaA=="
    }
  }
}
